
Microsoft Visual Studio Solution File, Format Version 12.00
# Visual Studio Version 17
VisualStudioVersion = 17.4.33205.214
MinimumVisualStudioVersion = 10.0.40219.1
Project("{FAE04EC0-301F-11D3-BF4B-00C04F79EFBC}") = "Proyecton", "Proyecton.csproj", "{AEF5BE09-BF75-4099-8106-0A0760FFF3FE}"
EndProject
Global
	GlobalSection(SolutionConfigurationPlatforms) = preSolution
		Debug|Any CPU = Debug|Any CPU
		Release|Any CPU = Release|Any CPU
	EndGlobalSection
	GlobalSection(ProjectConfigurationPlatforms) = postSolution
		{AEF5BE09-BF75-4099-8106-0A0760FFF3FE}.Debug|Any CPU.ActiveCfg = Debug|Any CPU
		{AEF5BE09-BF75-4099-8106-0A0760FFF3FE}.Debug|Any CPU.Build.0 = Debug|Any CPU
		{AEF5BE09-BF75-4099-8106-0A0760FFF3FE}.Release|Any CPU.ActiveCfg = Release|Any CPU
		{AEF5BE09-BF75-4099-8106-0A0760FFF3FE}.Release|Any CPU.Build.0 = Release|Any CPU
	EndGlobalSection
	GlobalSection(SolutionProperties) = preSolution
		HideSolutionNode = FALSE
	EndGlobalSection
	GlobalSection(ExtensibilityGlobals) = postSolution
		SolutionGuid = {965943D0-67F0-4DC4-B5DB-A5C7C394516D}
	EndGlobalSection
EndGlobal
